// !$*UTF8*$!
{
	archiveVersion = 1;
	classes = {
	};
	objectVersion = 56;
	objects = {

/* Begin PBXBuildFile section */
		581916F729B3C23400FC074A /* ExampleApp.swift in Sources */ = {isa = PBXBuildFile; fileRef = 581916F629B3C23400FC074A /* ExampleApp.swift */; };
		581916F929B3C23400FC074A /* ContentView.swift in Sources */ = {isa = PBXBuildFile; fileRef = 581916F829B3C23400FC074A /* ContentView.swift */; };
		581916FB29B3C23500FC074A /* Assets.xcassets in Resources */ = {isa = PBXBuildFile; fileRef = 581916FA29B3C23500FC074A /* Assets.xcassets */; };
		581916FE29B3C23500FC074A /* Preview Assets.xcassets in Resources */ = {isa = PBXBuildFile; fileRef = 581916FD29B3C23500FC074A /* Preview Assets.xcassets */; };
		5819170829B3C23500FC074A /* ExampleTests.swift in Sources */ = {isa = PBXBuildFile; fileRef = 5819170729B3C23500FC074A /* ExampleTests.swift */; };
		5819171229B3C23500FC074A /* ExampleUITests.swift in Sources */ = {isa = PBXBuildFile; fileRef = 5819171129B3C23500FC074A /* ExampleUITests.swift */; };
		5819171429B3C23500FC074A /* ExampleUITestsLaunchTests.swift in Sources */ = {isa = PBXBuildFile; fileRef = 5819171329B3C23500FC074A /* ExampleUITestsLaunchTests.swift */; };
		587654A029B3C31F00B04194 /* SwiftUIButton in Frameworks */ = {isa = PBXBuildFile; productRef = 5876549F29B3C31F00B04194 /* SwiftUIButton */; };
/* End PBXBuildFile section */

/* Begin PBXContainerItemProxy section */
		5819170429B3C23500FC074A /* PBXContainerItemProxy */ = {
			isa = PBXContainerItemProxy;
			containerPortal = 581916EB29B3C23400FC074A /* Project object */;
			proxyType = 1;
			remoteGlobalIDString = 581916F229B3C23400FC074A;
			remoteInfo = Example;
		};
		5819170E29B3C23500FC074A /* PBXContainerItemProxy */ = {
			isa = PBXContainerItemProxy;
			containerPortal = 581916EB29B3C23400FC074A /* Project object */;
			proxyType = 1;
			remoteGlobalIDString = 581916F229B3C23400FC074A;
			remoteInfo = Example;
		};
/* End PBXContainerItemProxy section */

/* Begin PBXFileReference section */
		581916F329B3C23400FC074A /* Example.app */ = {isa = PBXFileReference; explicitFileType = wrapper.application; includeInIndex = 0; path = Example.app; sourceTree = BUILT_PRODUCTS_DIR; };
		581916F629B3C23400FC074A /* ExampleApp.swift */ = {isa = PBXFileReference; lastKnownFileType = sourcecode.swift; path = ExampleApp.swift; sourceTree = "<group>"; };
		581916F829B3C23400FC074A /* ContentView.swift */ = {isa = PBXFileReference; lastKnownFileType = sourcecode.swift; path = ContentView.swift; sourceTree = "<group>"; };
		581916FA29B3C23500FC074A /* Assets.xcassets */ = {isa = PBXFileReference; lastKnownFileType = folder.assetcatalog; path = Assets.xcassets; sourceTree = "<group>"; };
		581916FD29B3C23500FC074A /* Preview Assets.xcassets */ = {isa = PBXFileReference; lastKnownFileType = folder.assetcatalog; path = "Preview Assets.xcassets"; sourceTree = "<group>"; };
		5819170329B3C23500FC074A /* ExampleTests.xctest */ = {isa = PBXFileReference; explicitFileType = wrapper.cfbundle; includeInIndex = 0; path = ExampleTests.xctest; sourceTree = BUILT_PRODUCTS_DIR; };
		5819170729B3C23500FC074A /* ExampleTests.swift */ = {isa = PBXFileReference; lastKnownFileType = sourcecode.swift; path = ExampleTests.swift; sourceTree = "<group>"; };
		5819170D29B3C23500FC074A /* ExampleUITests.xctest */ = {isa = PBXFileReference; explicitFileType = wrapper.cfbundle; includeInIndex = 0; path = ExampleUITests.xctest; sourceTree = BUILT_PRODUCTS_DIR; };
		5819171129B3C23500FC074A /* ExampleUITests.swift */ = {isa = PBXFileReference; lastKnownFileType = sourcecode.swift; path = ExampleUITests.swift; sourceTree = "<group>"; };
		5819171329B3C23500FC074A /* ExampleUITestsLaunchTests.swift */ = {isa = PBXFileReference; lastKnownFileType = sourcecode.swift; path = ExampleUITestsLaunchTests.swift; sourceTree = "<group>"; };
/* End PBXFileReference section */

/* Begin PBXFrameworksBuildPhase section */
		581916F029B3C23400FC074A /* Frameworks */ = {
			isa = PBXFrameworksBuildPhase;
			buildActionMask = 2147483647;
			files = (
				587654A029B3C31F00B04194 /* SwiftUIButton in Frameworks */,
			);
			runOnlyForDeploymentPostprocessing = 0;
		};
		5819170029B3C23500FC074A /* Frameworks */ = {
			isa = PBXFrameworksBuildPhase;
			buildActionMask = 2147483647;
			files = (
			);
			runOnlyForDeploymentPostprocessing = 0;
		};
		5819170A29B3C23500FC074A /* Frameworks */ = {
			isa = PBXFrameworksBuildPhase;
			buildActionMask = 2147483647;
			files = (
			);
			runOnlyForDeploymentPostprocessing = 0;
		};
/* End PBXFrameworksBuildPhase section */

/* Begin PBXGroup section */
		581916EA29B3C23400FC074A = {
			isa = PBXGroup;
			children = (
				581916F529B3C23400FC074A /* Example */,
				5819170629B3C23500FC074A /* ExampleTests */,
				5819171029B3C23500FC074A /* ExampleUITests */,
				581916F429B3C23400FC074A /* Products */,
			);
			sourceTree = "<group>";
		};
		581916F429B3C23400FC074A /* Products */ = {
			isa = PBXGroup;
			children = (
				581916F329B3C23400FC074A /* Example.app */,
				5819170329B3C23500FC074A /* ExampleTests.xctest */,
				5819170D29B3C23500FC074A /* ExampleUITests.xctest */,
			);
			name = Products;
			sourceTree = "<group>";
		};
		581916F529B3C23400FC074A /* Example */ = {
			isa = PBXGroup;
			children = (
				581916F629B3C23400FC074A /* ExampleApp.swift */,
				581916F829B3C23400FC074A /* ContentView.swift */,
				581916FA29B3C23500FC074A /* Assets.xcassets */,
				581916FC29B3C23500FC074A /* Preview Content */,
			);
			path = Example;
			sourceTree = "<group>";
		};
		581916FC29B3C23500FC074A /* Preview Content */ = {
			isa = PBXGroup;
			children = (
				581916FD29B3C23500FC074A /* Preview Assets.xcassets */,
			);
			path = "Preview Content";
			sourceTree = "<group>";
		};
		5819170629B3C23500FC074A /* ExampleTests */ = {
			isa = PBXGroup;
			children = (
				5819170729B3C23500FC074A /* ExampleTests.swift */,
			);
			path = ExampleTests;
			sourceTree = "<group>";
		};
		5819171029B3C23500FC074A /* ExampleUITests */ = {
			isa = PBXGroup;
			children = (
				5819171129B3C23500FC074A /* ExampleUITests.swift */,
				5819171329B3C23500FC074A /* ExampleUITestsLaunchTests.swift */,
			);
			path = ExampleUITests;
			sourceTree = "<group>";
		};
/* End PBXGroup section */

/* Begin PBXNativeTarget section */
		581916F229B3C23400FC074A /* Example */ = {
			isa = PBXNativeTarget;
			buildConfigurationList = 5819171729B3C23500FC074A /* Build configuration list for PBXNativeTarget "Example" */;
			buildPhases = (
				581916EF29B3C23400FC074A /* Sources */,
				581916F029B3C23400FC074A /* Frameworks */,
				581916F129B3C23400FC074A /* Resources */,
			);
			buildRules = (
			);
			dependencies = (
			);
			name = Example;
			packageProductDependencies = (
				5876549F29B3C31F00B04194 /* SwiftUIButton */,
			);
			productName = Example;
			productReference = 581916F329B3C23400FC074A /* Example.app */;
			productType = "com.apple.product-type.application";
		};
		5819170229B3C23500FC074A /* ExampleTests */ = {
			isa = PBXNativeTarget;
			buildConfigurationList = 5819171A29B3C23500FC074A /* Build configuration list for PBXNativeTarget "ExampleTests" */;
			buildPhases = (
				581916FF29B3C23500FC074A /* Sources */,
				5819170029B3C23500FC074A /* Frameworks */,
				5819170129B3C23500FC074A /* Resources */,
			);
			buildRules = (
			);
			dependencies = (
				5819170529B3C23500FC074A /* PBXTargetDependency */,
			);
			name = ExampleTests;
			productName = ExampleTests;
			productReference = 5819170329B3C23500FC074A /* ExampleTests.xctest */;
			productType = "com.apple.product-type.bundle.unit-test";
		};
		5819170C29B3C23500FC074A /* ExampleUITests */ = {
			isa = PBXNativeTarget;
			buildConfigurationList = 5819171D29B3C23500FC074A /* Build configuration list for PBXNativeTarget "ExampleUITests" */;
			buildPhases = (
				5819170929B3C23500FC074A /* Sources */,
				5819170A29B3C23500FC074A /* Frameworks */,
				5819170B29B3C23500FC074A /* Resources */,
			);
			buildRules = (
			);
			dependencies = (
				5819170F29B3C23500FC074A /* PBXTargetDependency */,
			);
			name = ExampleUITests;
			productName = ExampleUITests;
			productReference = 5819170D29B3C23500FC074A /* ExampleUITests.xctest */;
			productType = "com.apple.product-type.bundle.ui-testing";
		};
/* End PBXNativeTarget section */

/* Begin PBXProject section */
		581916EB29B3C23400FC074A /* Project object */ = {
			isa = PBXProject;
			attributes = {
				BuildIndependentTargetsInParallel = 1;
				LastSwiftUpdateCheck = 1420;
				LastUpgradeCheck = 1420;
				TargetAttributes = {
					581916F229B3C23400FC074A = {
						CreatedOnToolsVersion = 14.2;
					};
					5819170229B3C23500FC074A = {
						CreatedOnToolsVersion = 14.2;
						TestTargetID = 581916F229B3C23400FC074A;
					};
					5819170C29B3C23500FC074A = {
						CreatedOnToolsVersion = 14.2;
						TestTargetID = 581916F229B3C23400FC074A;
					};
				};
			};
			buildConfigurationList = 581916EE29B3C23400FC074A /* Build configuration list for PBXProject "Example" */;
			compatibilityVersion = "Xcode 14.0";
			developmentRegion = en;
			hasScannedForEncodings = 0;
			knownRegions = (
				en,
				Base,
			);
			mainGroup = 581916EA29B3C23400FC074A;
			packageReferences = (
				5876549E29B3C31F00B04194 /* XCRemoteSwiftPackageReference "SwiftUIButton" */,
			);
			productRefGroup = 581916F429B3C23400FC074A /* Products */;
			projectDirPath = "";
			projectRoot = "";
			targets = (
				581916F229B3C23400FC074A /* Example */,
				5819170229B3C23500FC074A /* ExampleTests */,
				5819170C29B3C23500FC074A /* ExampleUITests */,
			);
		};
/* End PBXProject section */

/* Begin PBXResourcesBuildPhase section */
		581916F129B3C23400FC074A /* Resources */ = {
			isa = PBXResourcesBuildPhase;
			buildActionMask = 2147483647;
			files = (
				581916FE29B3C23500FC074A /* Preview Assets.xcassets in Resources */,
				581916FB29B3C23500FC074A /* Assets.xcassets in Resources */,
			);
			runOnlyForDeploymentPostprocessing = 0;
		};
		5819170129B3C23500FC074A /* Resources */ = {
			isa = PBXResourcesBuildPhase;
			buildActionMask = 2147483647;
			files = (
			);
			runOnlyForDeploymentPostprocessing = 0;
		};
		5819170B29B3C23500FC074A /* Resources */ = {
			isa = PBXResourcesBuildPhase;
			buildActionMask = 2147483647;
			files = (
			);
			runOnlyForDeploymentPostprocessing = 0;
		};
/* End PBXResourcesBuildPhase section */

/* Begin PBXSourcesBuildPhase section */
		581916EF29B3C23400FC074A /* Sources */ = {
			isa = PBXSourcesBuildPhase;
			buildActionMask = 2147483647;
			files = (
				581916F929B3C23400FC074A /* ContentView.swift in Sources */,
				581916F729B3C23400FC074A /* ExampleApp.swift in Sources */,
			);
			runOnlyForDeploymentPostprocessing = 0;
		};
		581916FF29B3C23500FC074A /* Sources */ = {
			isa = PBXSourcesBuildPhase;
			buildActionMask = 2147483647;
			files = (
				5819170829B3C23500FC074A /* ExampleTests.swift in Sources */,
			);
			runOnlyForDeploymentPostprocessing = 0;
		};
		5819170929B3C23500FC074A /* Sources */ = {
			isa = PBXSourcesBuildPhase;
			buildActionMask = 2147483647;
			files = (
				5819171229B3C23500FC074A /* ExampleUITests.swift in Sources */,
				5819171429B3C23500FC074A /* ExampleUITestsLaunchTests.swift in Sources */,
			);
			runOnlyForDeploymentPostprocessing = 0;
		};
/* End PBXSourcesBuildPhase section */

/* Begin PBXTargetDependency section */
		5819170529B3C23500FC074A /* PBXTargetDependency */ = {
			isa = PBXTargetDependency;
			target = 581916F229B3C23400FC074A /* Example */;
			targetProxy = 5819170429B3C23500FC074A /* PBXContainerItemProxy */;
		};
		5819170F29B3C23500FC074A /* PBXTargetDependency */ = {
			isa = PBXTargetDependency;
			target = 581916F229B3C23400FC074A /* Example */;
			targetProxy = 5819170E29B3C23500FC074A /* PBXContainerItemProxy */;
		};
/* End PBXTargetDependency section */

/* Begin XCBuildConfiguration section */
		5819171529B3C23500FC074A /* Debug */ = {
			isa = XCBuildConfiguration;
			buildSettings = {
				ALWAYS_SEARCH_USER_PATHS = NO;
				CLANG_ANALYZER_NONNULL = YES;
				CLANG_ANALYZER_NUMBER_OBJECT_CONVERSION = YES_AGGRESSIVE;
				CLANG_CXX_LANGUAGE_STANDARD = "gnu++20";
				CLANG_ENABLE_MODULES = YES;
				CLANG_ENABLE_OBJC_ARC = YES;
				CLANG_ENABLE_OBJC_WEAK = YES;
				CLANG_WARN_BLOCK_CAPTURE_AUTORELEASING = YES;
				CLANG_WARN_BOOL_CONVERSION = YES;
				CLANG_WARN_COMMA = YES;
				CLANG_WARN_CONSTANT_CONVERSION = YES;
				CLANG_WARN_DEPRECATED_OBJC_IMPLEMENTATIONS = YES;
				CLANG_WARN_DIRECT_OBJC_ISA_USAGE = YES_ERROR;
				CLANG_WARN_DOCUMENTATION_COMMENTS = YES;
				CLANG_WARN_EMPTY_BODY = YES;
				CLANG_WARN_ENUM_CONVERSION = YES;
				CLANG_WARN_INFINITE_RECURSION = YES;
				CLANG_WARN_INT_CONVERSION = YES;
				CLANG_WARN_NON_LITERAL_NULL_CONVERSION = YES;
				CLANG_WARN_OBJC_IMPLICIT_RETAIN_SELF = YES;
				CLANG_WARN_OBJC_LITERAL_CONVERSION = YES;
				CLANG_WARN_OBJC_ROOT_CLASS = YES_ERROR;
				CLANG_WARN_QUOTED_INCLUDE_IN_FRAMEWORK_HEADER = YES;
				CLANG_WARN_RANGE_LOOP_ANALYSIS = YES;
				CLANG_WARN_STRICT_PROTOTYPES = YES;
				CLANG_WARN_SUSPICIOUS_MOVE = YES;
				CLANG_WARN_UNGUARDED_AVAILABILITY = YES_AGGRESSIVE;
				CLANG_WARN_UNREACHABLE_CODE = YES;
				CLANG_WARN__DUPLICATE_METHOD_MATCH = YES;
				COPY_PHASE_STRIP = NO;
				DEBUG_INFORMATION_FORMAT = dwarf;
				ENABLE_STRICT_OBJC_MSGSEND = YES;
				ENABLE_TESTABILITY = YES;
				GCC_C_LANGUAGE_STANDARD = gnu11;
				GCC_DYNAMIC_NO_PIC = NO;
				GCC_NO_COMMON_BLOCKS = YES;
				GCC_OPTIMIZATION_LEVEL = 0;
				GCC_PREPROCESSOR_DEFINITIONS = (
					"DEBUG=1",
					"$(inherited)",
				);
				GCC_WARN_64_TO_32_BIT_CONVERSION = YES;
				GCC_WARN_ABOUT_RETURN_TYPE = YES_ERROR;
				GCC_WARN_UNDECLARED_SELECTOR = YES;
				GCC_WARN_UNINITIALIZED_AUTOS = YES_AGGRESSIVE;
				GCC_WARN_UNUSED_FUNCTION = YES;
				GCC_WARN_UNUSED_VARIABLE = YES;
				IPHONEOS_DEPLOYMENT_TARGET = 17.0;
				MTL_ENABLE_DEBUG_INFO = INCLUDE_SOURCE;
				MTL_FAST_MATH = YES;
				ONLY_ACTIVE_ARCH = YES;
				SDKROOT = iphoneos;
				SWIFT_ACTIVE_COMPILATION_CONDITIONS = DEBUG;
				SWIFT_OPTIMIZATION_LEVEL = "-Onone";
			};
			name = Debug;
		};
		5819171629B3C23500FC074A /* Release */ = {
			isa = XCBuildConfiguration;
			buildSettings = {
				ALWAYS_SEARCH_USER_PATHS = NO;
				CLANG_ANALYZER_NONNULL = YES;
				CLANG_ANALYZER_NUMBER_OBJECT_CONVERSION = YES_AGGRESSIVE;
				CLANG_CXX_LANGUAGE_STANDARD = "gnu++20";
				CLANG_ENABLE_MODULES = YES;
				CLANG_ENABLE_OBJC_ARC = YES;
				CLANG_ENABLE_OBJC_WEAK = YES;
				CLANG_WARN_BLOCK_CAPTURE_AUTORELEASING = YES;
				CLANG_WARN_BOOL_CONVERSION = YES;
				CLANG_WARN_COMMA = YES;
				CLANG_WARN_CONSTANT_CONVERSION = YES;
				CLANG_WARN_DEPRECATED_OBJC_IMPLEMENTATIONS = YES;
				CLANG_WARN_DIRECT_OBJC_ISA_USAGE = YES_ERROR;
				CLANG_WARN_DOCUMENTATION_COMMENTS = YES;
				CLANG_WARN_EMPTY_BODY = YES;
				CLANG_WARN_ENUM_CONVERSION = YES;
				CLANG_WARN_INFINITE_RECURSION = YES;
				CLANG_WARN_INT_CONVERSION = YES;
				CLANG_WARN_NON_LITERAL_NULL_CONVERSION = YES;
				CLANG_WARN_OBJC_IMPLICIT_RETAIN_SELF = YES;
				CLANG_WARN_OBJC_LITERAL_CONVERSION = YES;
				CLANG_WARN_OBJC_ROOT_CLASS = YES_ERROR;
				CLANG_WARN_QUOTED_INCLUDE_IN_FRAMEWORK_HEADER = YES;
				CLANG_WARN_RANGE_LOOP_ANALYSIS = YES;
				CLANG_WARN_STRICT_PROTOTYPES = YES;
				CLANG_WARN_SUSPICIOUS_MOVE = YES;
				CLANG_WARN_UNGUARDED_AVAILABILITY = YES_AGGRESSIVE;
				CLANG_WARN_UNREACHABLE_CODE = YES;
				CLANG_WARN__DUPLICATE_METHOD_MATCH = YES;
				COPY_PHASE_STRIP = NO;
				DEBUG_INFORMATION_FORMAT = "dwarf-with-dsym";
				ENABLE_NS_ASSERTIONS = NO;
				ENABLE_STRICT_OBJC_MSGSEND = YES;
				GCC_C_LANGUAGE_STANDARD = gnu11;
				GCC_NO_COMMON_BLOCKS = YES;
				GCC_WARN_64_TO_32_BIT_CONVERSION = YES;
				GCC_WARN_ABOUT_RETURN_TYPE = YES_ERROR;
				GCC_WARN_UNDECLARED_SELECTOR = YES;
				GCC_WARN_UNINITIALIZED_AUTOS = YES_AGGRESSIVE;
				GCC_WARN_UNUSED_FUNCTION = YES;
				GCC_WARN_UNUSED_VARIABLE = YES;
				IPHONEOS_DEPLOYMENT_TARGET = 17.0;
				MTL_ENABLE_DEBUG_INFO = NO;
				MTL_FAST_MATH = YES;
				SDKROOT = iphoneos;
				SWIFT_COMPILATION_MODE = wholemodule;
				SWIFT_OPTIMIZATION_LEVEL = "-O";
				VALIDATE_PRODUCT = YES;
			};
			name = Release;
		};
		5819171829B3C23500FC074A /* Debug */ = {
			isa = XCBuildConfiguration;
			buildSettings = {
				ASSETCATALOG_COMPILER_APPICON_NAME = AppIcon;
				ASSETCATALOG_COMPILER_GLOBAL_ACCENT_COLOR_NAME = AccentColor;
				CODE_SIGN_STYLE = Automatic;
				CURRENT_PROJECT_VERSION = 1;
				DEVELOPMENT_ASSET_PATHS = "\"Example/Preview Content\"";
				ENABLE_PREVIEWS = YES;
				GENERATE_INFOPLIST_FILE = YES;
				INFOPLIST_KEY_UIApplicationSceneManifest_Generation = YES;
				INFOPLIST_KEY_UIApplicationSupportsIndirectInputEvents = YES;
				INFOPLIST_KEY_UILaunchScreen_Generation = YES;
				INFOPLIST_KEY_UISupportedInterfaceOrientations_iPad = "UIInterfaceOrientationPortrait UIInterfaceOrientationPortraitUpsideDown UIInterfaceOrientationLandscapeLeft UIInterfaceOrientationLandscapeRight";
				INFOPLIST_KEY_UISupportedInterfaceOrientations_iPhone = "UIInterfaceOrientationPortrait UIInterfaceOrientationLandscapeLeft UIInterfaceOrientationLandscapeRight";
				IPHONEOS_DEPLOYMENT_TARGET = 17.0;
				LD_RUNPATH_SEARCH_PATHS = (
					"$(inherited)",
					"@executable_path/Frameworks",
				);
				MARKETING_VERSION = 1.0;
				PRODUCT_BUNDLE_IDENTIFIER = hu.example.swiftui.button.Example.Example;
				PRODUCT_NAME = "$(TARGET_NAME)";
				SWIFT_EMIT_LOC_STRINGS = YES;
				SWIFT_VERSION = 5.0;
				TARGETED_DEVICE_FAMILY = "1,2";
			};
			name = Debug;
		};
		5819171929B3C23500FC074A /* Release */ = {
			isa = XCBuildConfiguration;
			buildSettings = {
				ASSETCATALOG_COMPILER_APPICON_NAME = AppIcon;
				ASSETCATALOG_COMPILER_GLOBAL_ACCENT_COLOR_NAME = AccentColor;
				CODE_SIGN_STYLE = Automatic;
				CURRENT_PROJECT_VERSION = 1;
				DEVELOPMENT_ASSET_PATHS = "\"Example/Preview Content\"";
				ENABLE_PREVIEWS = YES;
				GENERATE_INFOPLIST_FILE = YES;
				INFOPLIST_KEY_UIApplicationSceneManifest_Generation = YES;
				INFOPLIST_KEY_UIApplicationSupportsIndirectInputEvents = YES;
				INFOPLIST_KEY_UILaunchScreen_Generation = YES;
				INFOPLIST_KEY_UISupportedInterfaceOrientations_iPad = "UIInterfaceOrientationPortrait UIInterfaceOrientationPortraitUpsideDown UIInterfaceOrientationLandscapeLeft UIInterfaceOrientationLandscapeRight";
				INFOPLIST_KEY_UISupportedInterfaceOrientations_iPhone = "UIInterfaceOrientationPortrait UIInterfaceOrientationLandscapeLeft UIInterfaceOrientationLandscapeRight";
				IPHONEOS_DEPLOYMENT_TARGET = 17.0;
				LD_RUNPATH_SEARCH_PATHS = (
					"$(inherited)",
					"@executable_path/Frameworks",
				);
				MARKETING_VERSION = 1.0;
				PRODUCT_BUNDLE_IDENTIFIER = hu.example.swiftui.button.Example.Example;
				PRODUCT_NAME = "$(TARGET_NAME)";
				SWIFT_EMIT_LOC_STRINGS = YES;
				SWIFT_VERSION = 5.0;
				TARGETED_DEVICE_FAMILY = "1,2";
			};
			name = Release;
		};
		5819171B29B3C23500FC074A /* Debug */ = {
			isa = XCBuildConfiguration;
			buildSettings = {
				ALWAYS_EMBED_SWIFT_STANDARD_LIBRARIES = YES;
				BUNDLE_LOADER = "$(TEST_HOST)";
				CODE_SIGN_STYLE = Automatic;
				CURRENT_PROJECT_VERSION = 1;
				GENERATE_INFOPLIST_FILE = YES;
				IPHONEOS_DEPLOYMENT_TARGET = 17.0;
				MARKETING_VERSION = 1.0;
				PRODUCT_BUNDLE_IDENTIFIER = hu.example.swiftui.button.Example.ExampleTests;
				PRODUCT_NAME = "$(TARGET_NAME)";
				SWIFT_EMIT_LOC_STRINGS = NO;
				SWIFT_VERSION = 5.0;
				TARGETED_DEVICE_FAMILY = "1,2";
				TEST_HOST = "$(BUILT_PRODUCTS_DIR)/Example.app/$(BUNDLE_EXECUTABLE_FOLDER_PATH)/Example";
			};
			name = Debug;
		};
		5819171C29B3C23500FC074A /* Release */ = {
			isa = XCBuildConfiguration;
			buildSettings = {
				ALWAYS_EMBED_SWIFT_STANDARD_LIBRARIES = YES;
				BUNDLE_LOADER = "$(TEST_HOST)";
				CODE_SIGN_STYLE = Automatic;
				CURRENT_PROJECT_VERSION = 1;
				GENERATE_INFOPLIST_FILE = YES;
				IPHONEOS_DEPLOYMENT_TARGET = 17.0;
				MARKETING_VERSION = 1.0;
				PRODUCT_BUNDLE_IDENTIFIER = hu.example.swiftui.button.Example.ExampleTests;
				PRODUCT_NAME = "$(TARGET_NAME)";
				SWIFT_EMIT_LOC_STRINGS = NO;
				SWIFT_VERSION = 5.0;
				TARGETED_DEVICE_FAMILY = "1,2";
				TEST_HOST = "$(BUILT_PRODUCTS_DIR)/Example.app/$(BUNDLE_EXECUTABLE_FOLDER_PATH)/Example";
			};
			name = Release;
		};
		5819171E29B3C23500FC074A /* Debug */ = {
			isa = XCBuildConfiguration;
			buildSettings = {
				ALWAYS_EMBED_SWIFT_STANDARD_LIBRARIES = YES;
				CODE_SIGN_STYLE = Automatic;
				CURRENT_PROJECT_VERSION = 1;
				GENERATE_INFOPLIST_FILE = YES;
				IPHONEOS_DEPLOYMENT_TARGET = 17.0;
				MARKETING_VERSION = 1.0;
				PRODUCT_BUNDLE_IDENTIFIER = hu.example.swiftui.button.Example.ExampleUITests;
				PRODUCT_NAME = "$(TARGET_NAME)";
				SWIFT_EMIT_LOC_STRINGS = NO;
				SWIFT_VERSION = 5.0;
				TARGETED_DEVICE_FAMILY = "1,2";
				TEST_TARGET_NAME = Example;
			};
			name = Debug;
		};
		5819171F29B3C23500FC074A /* Release */ = {
			isa = XCBuildConfiguration;
			buildSettings = {
				ALWAYS_EMBED_SWIFT_STANDARD_LIBRARIES = YES;
				CODE_SIGN_STYLE = Automatic;
				CURRENT_PROJECT_VERSION = 1;
				GENERATE_INFOPLIST_FILE = YES;
				IPHONEOS_DEPLOYMENT_TARGET = 17.0;
				MARKETING_VERSION = 1.0;
				PRODUCT_BUNDLE_IDENTIFIER = hu.example.swiftui.button.Example.ExampleUITests;
				PRODUCT_NAME = "$(TARGET_NAME)";
				SWIFT_EMIT_LOC_STRINGS = NO;
				SWIFT_VERSION = 5.0;
				TARGETED_DEVICE_FAMILY = "1,2";
				TEST_TARGET_NAME = Example;
			};
			name = Release;
		};
/* End XCBuildConfiguration section */

/* Begin XCConfigurationList section */
		581916EE29B3C23400FC074A /* Build configuration list for PBXProject "Example" */ = {
			isa = XCConfigurationList;
			buildConfigurations = (
				5819171529B3C23500FC074A /* Debug */,
				5819171629B3C23500FC074A /* Release */,
			);
			defaultConfigurationIsVisible = 0;
			defaultConfigurationName = Release;
		};
		5819171729B3C23500FC074A /* Build configuration list for PBXNativeTarget "Example" */ = {
			isa = XCConfigurationList;
			buildConfigurations = (
				5819171829B3C23500FC074A /* Debug */,
				5819171929B3C23500FC074A /* Release */,
			);
			defaultConfigurationIsVisible = 0;
			defaultConfigurationName = Release;
		};
		5819171A29B3C23500FC074A /* Build configuration list for PBXNativeTarget "ExampleTests" */ = {
			isa = XCConfigurationList;
			buildConfigurations = (
				5819171B29B3C23500FC074A /* Debug */,
				5819171C29B3C23500FC074A /* Release */,
			);
			defaultConfigurationIsVisible = 0;
			defaultConfigurationName = Release;
		};
		5819171D29B3C23500FC074A /* Build configuration list for PBXNativeTarget "ExampleUITests" */ = {
			isa = XCConfigurationList;
			buildConfigurations = (
				5819171E29B3C23500FC074A /* Debug */,
				5819171F29B3C23500FC074A /* Release */,
			);
			defaultConfigurationIsVisible = 0;
			defaultConfigurationName = Release;
		};
/* End XCConfigurationList section */

/* Begin XCRemoteSwiftPackageReference section */
		5876549E29B3C31F00B04194 /* XCRemoteSwiftPackageReference "SwiftUIButton" */ = {
			isa = XCRemoteSwiftPackageReference;
			repositoryURL = "https://github.com/stateman92/SwiftUIButton";
			requirement = {
				kind = exactVersion;
				version = 0.0.1;
			};
		};
/* End XCRemoteSwiftPackageReference section */

/* Begin XCSwiftPackageProductDependency section */
		5876549F29B3C31F00B04194 /* SwiftUIButton */ = {
			isa = XCSwiftPackageProductDependency;
			package = 5876549E29B3C31F00B04194 /* XCRemoteSwiftPackageReference "SwiftUIButton" */;
			productName = SwiftUIButton;
		};
/* End XCSwiftPackageProductDependency section */
	};
	rootObject = 581916EB29B3C23400FC074A /* Project object */;
}
